{
  "name": "site-pessoal",
  "lockfileVersion": 2,
  "requires": true,
  "packages": {
    "": {
      "dependencies": {
        "bounce.js": "^0.8.2",
        "wow.js": "^1.2.2"
      }
    },
    "node_modules/bounce.js": {
      "version": "0.8.2",
      "resolved": "https://registry.npmjs.org/bounce.js/-/bounce.js-0.8.2.tgz",
      "integrity": "sha1-Pp684lPnK0L0F4tcgdtIU41nSoM="
    },
    "node_modules/wow.js": {
      "version": "1.2.2",
      "resolved": "https://registry.npmjs.org/wow.js/-/wow.js-1.2.2.tgz",
      "integrity": "sha1-JHUZsKNCMZsaY+Iq6prOwanqV/U=",
      "deprecated": "deprecated in favour of aos (Animate On Scroll)"
    }
  },
  "dependencies": {
    "bounce.js": {
      "version": "0.8.2",
      "resolved": "https://registry.npmjs.org/bounce.js/-/bounce.js-0.8.2.tgz",
      "integrity": "sha1-Pp684lPnK0L0F4tcgdtIU41nSoM="
    },
    "wow.js": {
      "version": "1.2.2",
      "resolved": "https://registry.npmjs.org/wow.js/-/wow.js-1.2.2.tgz",
      "integrity": "sha1-JHUZsKNCMZsaY+Iq6prOwanqV/U="
    }
  }
}
